
Microsoft Visual Studio Solution File, Format Version 12.00
# Visual Studio Version 16
VisualStudioVersion = 16.0.30225.117
MinimumVisualStudioVersion = 10.0.40219.1
Project("{9A19103F-16F7-4668-BE54-9A1E7A4F7556}") = "SuperAdbUI", "ScrcpyWindow\SuperAdbUI.csproj", "{8374D269-5556-4413-8B9D-1220808DB640}"
EndProject
Project("{9A19103F-16F7-4668-BE54-9A1E7A4F7556}") = "SuperADBLibrary", "SuperADBLibrary\SuperADBLibrary.csproj", "{6B3D5538-3D51-4761-ACCE-5031DBD7606E}"
EndProject
Project("{FAE04EC0-301F-11D3-BF4B-00C04F79EFBC}") = "SuperAdbLibrary.Test", "SuperAdbLibrary.Test\SuperAdbLibrary.Test.csproj", "{0741CC41-DDA5-432B-9754-4E0E86D778A4}"
EndProject
Global
	GlobalSection(SolutionConfigurationPlatforms) = preSolution
		Debug|Any CPU = Debug|Any CPU
		Release|Any CPU = Release|Any CPU
	EndGlobalSection
	GlobalSection(ProjectConfigurationPlatforms) = postSolution
		{8374D269-5556-4413-8B9D-1220808DB640}.Debug|Any CPU.ActiveCfg = Debug|Any CPU
		{8374D269-5556-4413-8B9D-1220808DB640}.Debug|Any CPU.Build.0 = Debug|Any CPU
		{8374D269-5556-4413-8B9D-1220808DB640}.Release|Any CPU.ActiveCfg = Release|Any CPU
		{8374D269-5556-4413-8B9D-1220808DB640}.Release|Any CPU.Build.0 = Release|Any CPU
		{6B3D5538-3D51-4761-ACCE-5031DBD7606E}.Debug|Any CPU.ActiveCfg = Debug|Any CPU
		{6B3D5538-3D51-4761-ACCE-5031DBD7606E}.Debug|Any CPU.Build.0 = Debug|Any CPU
		{6B3D5538-3D51-4761-ACCE-5031DBD7606E}.Release|Any CPU.ActiveCfg = Release|Any CPU
		{6B3D5538-3D51-4761-ACCE-5031DBD7606E}.Release|Any CPU.Build.0 = Release|Any CPU
		{0741CC41-DDA5-432B-9754-4E0E86D778A4}.Debug|Any CPU.ActiveCfg = Debug|Any CPU
		{0741CC41-DDA5-432B-9754-4E0E86D778A4}.Debug|Any CPU.Build.0 = Debug|Any CPU
		{0741CC41-DDA5-432B-9754-4E0E86D778A4}.Release|Any CPU.ActiveCfg = Release|Any CPU
		{0741CC41-DDA5-432B-9754-4E0E86D778A4}.Release|Any CPU.Build.0 = Release|Any CPU
	EndGlobalSection
	GlobalSection(SolutionProperties) = preSolution
		HideSolutionNode = FALSE
	EndGlobalSection
	GlobalSection(ExtensibilityGlobals) = postSolution
		SolutionGuid = {62B7398B-1005-4255-B429-BE7D936166DD}
	EndGlobalSection
EndGlobal
